
Microsoft Visual Studio Solution File, Format Version 12.00
# Visual Studio 15
VisualStudioVersion = 15.0.28010.2036
MinimumVisualStudioVersion = 10.0.40219.1
Project("{8BC9CEB8-8B4A-11D0-8D11-00A0C91BC942}") = "10.06", "10.06\10.06.vcxproj", "{5F06DAF5-23EE-45EF-A953-CF7964119D5B}"
EndProject
Global
	GlobalSection(SolutionConfigurationPlatforms) = preSolution
		Debug|x64 = Debug|x64
		Debug|x86 = Debug|x86
		Release|x64 = Release|x64
		Release|x86 = Release|x86
	EndGlobalSection
	GlobalSection(ProjectConfigurationPlatforms) = postSolution
		{5F06DAF5-23EE-45EF-A953-CF7964119D5B}.Debug|x64.ActiveCfg = Debug|x64
		{5F06DAF5-23EE-45EF-A953-CF7964119D5B}.Debug|x64.Build.0 = Debug|x64
		{5F06DAF5-23EE-45EF-A953-CF7964119D5B}.Debug|x86.ActiveCfg = Debug|Win32
		{5F06DAF5-23EE-45EF-A953-CF7964119D5B}.Debug|x86.Build.0 = Debug|Win32
		{5F06DAF5-23EE-45EF-A953-CF7964119D5B}.Release|x64.ActiveCfg = Release|x64
		{5F06DAF5-23EE-45EF-A953-CF7964119D5B}.Release|x64.Build.0 = Release|x64
		{5F06DAF5-23EE-45EF-A953-CF7964119D5B}.Release|x86.ActiveCfg = Release|Win32
		{5F06DAF5-23EE-45EF-A953-CF7964119D5B}.Release|x86.Build.0 = Release|Win32
	EndGlobalSection
	GlobalSection(SolutionProperties) = preSolution
		HideSolutionNode = FALSE
	EndGlobalSection
	GlobalSection(ExtensibilityGlobals) = postSolution
		SolutionGuid = {53B353DD-F26F-4082-9EF0-7EB180A8C556}
	EndGlobalSection
EndGlobal
