
Microsoft Visual Studio Solution File, Format Version 12.00
# Visual Studio 15
VisualStudioVersion = 15.0.28010.2036
MinimumVisualStudioVersion = 10.0.40219.1
Project("{8BC9CEB8-8B4A-11D0-8D11-00A0C91BC942}") = "08.07.2019", "08.07.2019\08.07.2019.vcxproj", "{1A70EBB8-967E-4C51-A0B5-DEDF31BBFF48}"
EndProject
Global
	GlobalSection(SolutionConfigurationPlatforms) = preSolution
		Debug|x64 = Debug|x64
		Debug|x86 = Debug|x86
		Release|x64 = Release|x64
		Release|x86 = Release|x86
	EndGlobalSection
	GlobalSection(ProjectConfigurationPlatforms) = postSolution
		{1A70EBB8-967E-4C51-A0B5-DEDF31BBFF48}.Debug|x64.ActiveCfg = Debug|x64
		{1A70EBB8-967E-4C51-A0B5-DEDF31BBFF48}.Debug|x64.Build.0 = Debug|x64
		{1A70EBB8-967E-4C51-A0B5-DEDF31BBFF48}.Debug|x86.ActiveCfg = Debug|Win32
		{1A70EBB8-967E-4C51-A0B5-DEDF31BBFF48}.Debug|x86.Build.0 = Debug|Win32
		{1A70EBB8-967E-4C51-A0B5-DEDF31BBFF48}.Release|x64.ActiveCfg = Release|x64
		{1A70EBB8-967E-4C51-A0B5-DEDF31BBFF48}.Release|x64.Build.0 = Release|x64
		{1A70EBB8-967E-4C51-A0B5-DEDF31BBFF48}.Release|x86.ActiveCfg = Release|Win32
		{1A70EBB8-967E-4C51-A0B5-DEDF31BBFF48}.Release|x86.Build.0 = Release|Win32
	EndGlobalSection
	GlobalSection(SolutionProperties) = preSolution
		HideSolutionNode = FALSE
	EndGlobalSection
	GlobalSection(ExtensibilityGlobals) = postSolution
		SolutionGuid = {F006C5AA-ABFD-4B04-99FD-0991112C989E}
	EndGlobalSection
EndGlobal
