
Microsoft Visual Studio Solution File, Format Version 12.00
# Visual Studio 15
VisualStudioVersion = 15.0.28010.2036
MinimumVisualStudioVersion = 10.0.40219.1
Project("{8BC9CEB8-8B4A-11D0-8D11-00A0C91BC942}") = "05.06.2019", "05.06.2019\05.06.2019.vcxproj", "{6571BBB5-7E73-4E01-950F-827A12C4FB9F}"
EndProject
Global
	GlobalSection(SolutionConfigurationPlatforms) = preSolution
		Debug|x64 = Debug|x64
		Debug|x86 = Debug|x86
		Release|x64 = Release|x64
		Release|x86 = Release|x86
	EndGlobalSection
	GlobalSection(ProjectConfigurationPlatforms) = postSolution
		{6571BBB5-7E73-4E01-950F-827A12C4FB9F}.Debug|x64.ActiveCfg = Debug|x64
		{6571BBB5-7E73-4E01-950F-827A12C4FB9F}.Debug|x64.Build.0 = Debug|x64
		{6571BBB5-7E73-4E01-950F-827A12C4FB9F}.Debug|x86.ActiveCfg = Debug|Win32
		{6571BBB5-7E73-4E01-950F-827A12C4FB9F}.Debug|x86.Build.0 = Debug|Win32
		{6571BBB5-7E73-4E01-950F-827A12C4FB9F}.Release|x64.ActiveCfg = Release|x64
		{6571BBB5-7E73-4E01-950F-827A12C4FB9F}.Release|x64.Build.0 = Release|x64
		{6571BBB5-7E73-4E01-950F-827A12C4FB9F}.Release|x86.ActiveCfg = Release|Win32
		{6571BBB5-7E73-4E01-950F-827A12C4FB9F}.Release|x86.Build.0 = Release|Win32
	EndGlobalSection
	GlobalSection(SolutionProperties) = preSolution
		HideSolutionNode = FALSE
	EndGlobalSection
	GlobalSection(ExtensibilityGlobals) = postSolution
		SolutionGuid = {C4E98AD8-8F98-4FA5-95E6-E8237610442F}
	EndGlobalSection
EndGlobal
