
Microsoft Visual Studio Solution File, Format Version 12.00
# Visual Studio 15
VisualStudioVersion = 15.0.28010.2036
MinimumVisualStudioVersion = 10.0.40219.1
Project("{8BC9CEB8-8B4A-11D0-8D11-00A0C91BC942}") = "06.06.2019", "06.06.2019\06.06.2019.vcxproj", "{28A61178-D5B3-415E-A935-39D5FEEE826E}"
EndProject
Project("{8BC9CEB8-8B4A-11D0-8D11-00A0C91BC942}") = "06.06.2019_", "06.06.2019_\06.06.2019_.vcxproj", "{91F9818F-FD54-4683-8765-CD8040B9B759}"
EndProject
Global
	GlobalSection(SolutionConfigurationPlatforms) = preSolution
		Debug|x64 = Debug|x64
		Debug|x86 = Debug|x86
		Release|x64 = Release|x64
		Release|x86 = Release|x86
	EndGlobalSection
	GlobalSection(ProjectConfigurationPlatforms) = postSolution
		{28A61178-D5B3-415E-A935-39D5FEEE826E}.Debug|x64.ActiveCfg = Debug|x64
		{28A61178-D5B3-415E-A935-39D5FEEE826E}.Debug|x64.Build.0 = Debug|x64
		{28A61178-D5B3-415E-A935-39D5FEEE826E}.Debug|x86.ActiveCfg = Debug|Win32
		{28A61178-D5B3-415E-A935-39D5FEEE826E}.Debug|x86.Build.0 = Debug|Win32
		{28A61178-D5B3-415E-A935-39D5FEEE826E}.Release|x64.ActiveCfg = Release|x64
		{28A61178-D5B3-415E-A935-39D5FEEE826E}.Release|x64.Build.0 = Release|x64
		{28A61178-D5B3-415E-A935-39D5FEEE826E}.Release|x86.ActiveCfg = Release|Win32
		{28A61178-D5B3-415E-A935-39D5FEEE826E}.Release|x86.Build.0 = Release|Win32
		{91F9818F-FD54-4683-8765-CD8040B9B759}.Debug|x64.ActiveCfg = Debug|x64
		{91F9818F-FD54-4683-8765-CD8040B9B759}.Debug|x64.Build.0 = Debug|x64
		{91F9818F-FD54-4683-8765-CD8040B9B759}.Debug|x86.ActiveCfg = Debug|Win32
		{91F9818F-FD54-4683-8765-CD8040B9B759}.Debug|x86.Build.0 = Debug|Win32
		{91F9818F-FD54-4683-8765-CD8040B9B759}.Release|x64.ActiveCfg = Release|x64
		{91F9818F-FD54-4683-8765-CD8040B9B759}.Release|x64.Build.0 = Release|x64
		{91F9818F-FD54-4683-8765-CD8040B9B759}.Release|x86.ActiveCfg = Release|Win32
		{91F9818F-FD54-4683-8765-CD8040B9B759}.Release|x86.Build.0 = Release|Win32
	EndGlobalSection
	GlobalSection(SolutionProperties) = preSolution
		HideSolutionNode = FALSE
	EndGlobalSection
	GlobalSection(ExtensibilityGlobals) = postSolution
		SolutionGuid = {502C748D-B3A6-4578-9699-257A584FD414}
	EndGlobalSection
EndGlobal
