
Microsoft Visual Studio Solution File, Format Version 12.00
# Visual Studio 15
VisualStudioVersion = 15.0.28010.2036
MinimumVisualStudioVersion = 10.0.40219.1
Project("{8BC9CEB8-8B4A-11D0-8D11-00A0C91BC942}") = "22.08.2019", "22.08.2019\22.08.2019.vcxproj", "{76417A23-A1F9-41E6-AEE8-FD9ADA6F91FE}"
EndProject
Global
	GlobalSection(SolutionConfigurationPlatforms) = preSolution
		Debug|x64 = Debug|x64
		Debug|x86 = Debug|x86
		Release|x64 = Release|x64
		Release|x86 = Release|x86
	EndGlobalSection
	GlobalSection(ProjectConfigurationPlatforms) = postSolution
		{76417A23-A1F9-41E6-AEE8-FD9ADA6F91FE}.Debug|x64.ActiveCfg = Debug|x64
		{76417A23-A1F9-41E6-AEE8-FD9ADA6F91FE}.Debug|x64.Build.0 = Debug|x64
		{76417A23-A1F9-41E6-AEE8-FD9ADA6F91FE}.Debug|x86.ActiveCfg = Debug|Win32
		{76417A23-A1F9-41E6-AEE8-FD9ADA6F91FE}.Debug|x86.Build.0 = Debug|Win32
		{76417A23-A1F9-41E6-AEE8-FD9ADA6F91FE}.Release|x64.ActiveCfg = Release|x64
		{76417A23-A1F9-41E6-AEE8-FD9ADA6F91FE}.Release|x64.Build.0 = Release|x64
		{76417A23-A1F9-41E6-AEE8-FD9ADA6F91FE}.Release|x86.ActiveCfg = Release|Win32
		{76417A23-A1F9-41E6-AEE8-FD9ADA6F91FE}.Release|x86.Build.0 = Release|Win32
	EndGlobalSection
	GlobalSection(SolutionProperties) = preSolution
		HideSolutionNode = FALSE
	EndGlobalSection
	GlobalSection(ExtensibilityGlobals) = postSolution
		SolutionGuid = {9C9D804C-5072-4943-9E53-267F6F541226}
	EndGlobalSection
EndGlobal
