
Microsoft Visual Studio Solution File, Format Version 12.00
# Visual Studio 15
VisualStudioVersion = 15.0.28010.2036
MinimumVisualStudioVersion = 10.0.40219.1
Project("{8BC9CEB8-8B4A-11D0-8D11-00A0C91BC942}") = "19.06.2019", "19.06.2019\19.06.2019.vcxproj", "{65E88F14-5E5F-4ED7-B66B-DD37A990EAA9}"
EndProject
Global
	GlobalSection(SolutionConfigurationPlatforms) = preSolution
		Debug|x64 = Debug|x64
		Debug|x86 = Debug|x86
		Release|x64 = Release|x64
		Release|x86 = Release|x86
	EndGlobalSection
	GlobalSection(ProjectConfigurationPlatforms) = postSolution
		{65E88F14-5E5F-4ED7-B66B-DD37A990EAA9}.Debug|x64.ActiveCfg = Debug|x64
		{65E88F14-5E5F-4ED7-B66B-DD37A990EAA9}.Debug|x64.Build.0 = Debug|x64
		{65E88F14-5E5F-4ED7-B66B-DD37A990EAA9}.Debug|x86.ActiveCfg = Debug|Win32
		{65E88F14-5E5F-4ED7-B66B-DD37A990EAA9}.Debug|x86.Build.0 = Debug|Win32
		{65E88F14-5E5F-4ED7-B66B-DD37A990EAA9}.Release|x64.ActiveCfg = Release|x64
		{65E88F14-5E5F-4ED7-B66B-DD37A990EAA9}.Release|x64.Build.0 = Release|x64
		{65E88F14-5E5F-4ED7-B66B-DD37A990EAA9}.Release|x86.ActiveCfg = Release|Win32
		{65E88F14-5E5F-4ED7-B66B-DD37A990EAA9}.Release|x86.Build.0 = Release|Win32
	EndGlobalSection
	GlobalSection(SolutionProperties) = preSolution
		HideSolutionNode = FALSE
	EndGlobalSection
	GlobalSection(ExtensibilityGlobals) = postSolution
		SolutionGuid = {51E44BA5-2769-4ABE-9375-53DC3D2D9742}
	EndGlobalSection
EndGlobal
